
Microsoft Visual Studio Solution File, Format Version 12.00
# Visual Studio 15
VisualStudioVersion = 15.0.28307.1433
MinimumVisualStudioVersion = 10.0.40219.1
Project("{FAE04EC0-301F-11D3-BF4B-00C04F79EFBC}") = "MensajeroApp", "MensajeroApp\MensajeroApp.csproj", "{86A3CABF-5F2F-4C8C-98E1-DF5E7450C103}"
EndProject
Project("{FAE04EC0-301F-11D3-BF4B-00C04F79EFBC}") = "MensajeroModel", "MensajeroModel\MensajeroModel.csproj", "{CE2027A9-E8EA-4FFF-8534-13E40FAEFA3E}"
EndProject
Global
	GlobalSection(SolutionConfigurationPlatforms) = preSolution
		Debug|Any CPU = Debug|Any CPU
		Release|Any CPU = Release|Any CPU
	EndGlobalSection
	GlobalSection(ProjectConfigurationPlatforms) = postSolution
		{86A3CABF-5F2F-4C8C-98E1-DF5E7450C103}.Debug|Any CPU.ActiveCfg = Debug|Any CPU
		{86A3CABF-5F2F-4C8C-98E1-DF5E7450C103}.Debug|Any CPU.Build.0 = Debug|Any CPU
		{86A3CABF-5F2F-4C8C-98E1-DF5E7450C103}.Release|Any CPU.ActiveCfg = Release|Any CPU
		{86A3CABF-5F2F-4C8C-98E1-DF5E7450C103}.Release|Any CPU.Build.0 = Release|Any CPU
		{CE2027A9-E8EA-4FFF-8534-13E40FAEFA3E}.Debug|Any CPU.ActiveCfg = Debug|Any CPU
		{CE2027A9-E8EA-4FFF-8534-13E40FAEFA3E}.Debug|Any CPU.Build.0 = Debug|Any CPU
		{CE2027A9-E8EA-4FFF-8534-13E40FAEFA3E}.Release|Any CPU.ActiveCfg = Release|Any CPU
		{CE2027A9-E8EA-4FFF-8534-13E40FAEFA3E}.Release|Any CPU.Build.0 = Release|Any CPU
	EndGlobalSection
	GlobalSection(SolutionProperties) = preSolution
		HideSolutionNode = FALSE
	EndGlobalSection
	GlobalSection(ExtensibilityGlobals) = postSolution
		SolutionGuid = {20161DEA-C1CE-4F8E-8760-38C0CAE7824D}
	EndGlobalSection
EndGlobal
